
Microsoft Visual Studio Solution File, Format Version 12.00
# Visual Studio Version 17
VisualStudioVersion = 17.11.35222.181
MinimumVisualStudioVersion = 10.0.40219.1
Project("{FAE04EC0-301F-11D3-BF4B-00C04F79EFBC}") = "AedSystem", "AuctionManagement System\AedSystem.csproj", "{B9AB57BC-14E9-478F-9606-5CF89E701342}"
EndProject
Global
	GlobalSection(SolutionConfigurationPlatforms) = preSolution
		Debug|Any CPU = Debug|Any CPU
		Release|Any CPU = Release|Any CPU
	EndGlobalSection
	GlobalSection(ProjectConfigurationPlatforms) = postSolution
		{B9AB57BC-14E9-478F-9606-5CF89E701342}.Debug|Any CPU.ActiveCfg = Debug|Any CPU
		{B9AB57BC-14E9-478F-9606-5CF89E701342}.Debug|Any CPU.Build.0 = Debug|Any CPU
		{B9AB57BC-14E9-478F-9606-5CF89E701342}.Release|Any CPU.ActiveCfg = Release|Any CPU
		{B9AB57BC-14E9-478F-9606-5CF89E701342}.Release|Any CPU.Build.0 = Release|Any CPU
	EndGlobalSection
	GlobalSection(SolutionProperties) = preSolution
		HideSolutionNode = FALSE
	EndGlobalSection
	GlobalSection(ExtensibilityGlobals) = postSolution
		SolutionGuid = {6AED51E5-7835-4AE3-8D76-DF045CA38303}
	EndGlobalSection
EndGlobal
